
Microsoft Visual Studio Solution File, Format Version 12.00
# Visual Studio 2013
VisualStudioVersion = 12.0.31101.0
MinimumVisualStudioVersion = 10.0.40219.1
Project("{FAE04EC0-301F-11D3-BF4B-00C04F79EFBC}") = "Mine", "Mine\Mine.csproj", "{166C5AA4-9C11-4A6A-B2C7-8B3C264811E2}"
EndProject
Project("{FAE04EC0-301F-11D3-BF4B-00C04F79EFBC}") = "Windows", "Windows\Windows.csproj", "{864C5CF9-0203-4CDB-95FF-703B277976F5}"
EndProject
Global
	GlobalSection(SolutionConfigurationPlatforms) = preSolution
		Debug|Any CPU = Debug|Any CPU
		Release|Any CPU = Release|Any CPU
	EndGlobalSection
	GlobalSection(ProjectConfigurationPlatforms) = postSolution
		{166C5AA4-9C11-4A6A-B2C7-8B3C264811E2}.Debug|Any CPU.ActiveCfg = Debug|Any CPU
		{166C5AA4-9C11-4A6A-B2C7-8B3C264811E2}.Debug|Any CPU.Build.0 = Debug|Any CPU
		{166C5AA4-9C11-4A6A-B2C7-8B3C264811E2}.Release|Any CPU.ActiveCfg = Release|Any CPU
		{166C5AA4-9C11-4A6A-B2C7-8B3C264811E2}.Release|Any CPU.Build.0 = Release|Any CPU
		{864C5CF9-0203-4CDB-95FF-703B277976F5}.Debug|Any CPU.ActiveCfg = Debug|Any CPU
		{864C5CF9-0203-4CDB-95FF-703B277976F5}.Debug|Any CPU.Build.0 = Debug|Any CPU
		{864C5CF9-0203-4CDB-95FF-703B277976F5}.Release|Any CPU.ActiveCfg = Release|Any CPU
		{864C5CF9-0203-4CDB-95FF-703B277976F5}.Release|Any CPU.Build.0 = Release|Any CPU
	EndGlobalSection
	GlobalSection(SolutionProperties) = preSolution
		HideSolutionNode = FALSE
	EndGlobalSection
EndGlobal
